
Microsoft Visual Studio Solution File, Format Version 12.00
# Visual Studio Version 16
VisualStudioVersion = 16.0.30320.27
MinimumVisualStudioVersion = 10.0.40219.1
Project("{FAE04EC0-301F-11D3-BF4B-00C04F79EFBC}") = "protocoloManchester", "protocoloManchester.csproj", "{F62621B1-7B5B-4374-B76A-0A4110086785}"
EndProject
Global
	GlobalSection(SolutionConfigurationPlatforms) = preSolution
		Debug|Any CPU = Debug|Any CPU
		Release|Any CPU = Release|Any CPU
	EndGlobalSection
	GlobalSection(ProjectConfigurationPlatforms) = postSolution
		{F62621B1-7B5B-4374-B76A-0A4110086785}.Debug|Any CPU.ActiveCfg = Debug|Any CPU
		{F62621B1-7B5B-4374-B76A-0A4110086785}.Debug|Any CPU.Build.0 = Debug|Any CPU
		{F62621B1-7B5B-4374-B76A-0A4110086785}.Release|Any CPU.ActiveCfg = Release|Any CPU
		{F62621B1-7B5B-4374-B76A-0A4110086785}.Release|Any CPU.Build.0 = Release|Any CPU
	EndGlobalSection
	GlobalSection(SolutionProperties) = preSolution
		HideSolutionNode = FALSE
	EndGlobalSection
	GlobalSection(ExtensibilityGlobals) = postSolution
		SolutionGuid = {A76D826A-8056-46FC-AFA6-6C3F9986BD7E}
	EndGlobalSection
EndGlobal
